Microsoft Visual Studio Solution File, Format Version 11.00
# Visual Studio 2008

Project("{D33E25D8-B02E-3854-9C87-6955FC962DD4}") = "Projeto Grupo4 - PHDAv4", "Assembly-CSharp-firstpass-vs.csproj", "{84488BC2-6E84-03E8-D712-9E5F28ED5B37}"
EndProject
Project("{D33E25D8-B02E-3854-9C87-6955FC962DD4}") = "Projeto Grupo4 - PHDAv4", "Assembly-CSharp-vs.csproj", "{3DF066D7-3812-C40E-E513-68F20731C88E}"
EndProject
Global
	GlobalSection(SolutionConfigurationPlatforms) = preSolution
		Debug|Any CPU = Debug|Any CPU
		Release|Any CPU = Release|Any CPU
	EndGlobalSection
	GlobalSection(ProjectConfigurationPlatforms) = postSolution
		{84488BC2-6E84-03E8-D712-9E5F28ED5B37}.Debug|Any CPU.ActiveCfg = Debug|Any CPU
		{84488BC2-6E84-03E8-D712-9E5F28ED5B37}.Debug|Any CPU.Build.0 = Debug|Any CPU
		{84488BC2-6E84-03E8-D712-9E5F28ED5B37}.Release|Any CPU.ActiveCfg = Release|Any CPU
		{84488BC2-6E84-03E8-D712-9E5F28ED5B37}.Release|Any CPU.Build.0 = Release|Any CPU
		{3DF066D7-3812-C40E-E513-68F20731C88E}.Debug|Any CPU.ActiveCfg = Debug|Any CPU
		{3DF066D7-3812-C40E-E513-68F20731C88E}.Debug|Any CPU.Build.0 = Debug|Any CPU
		{3DF066D7-3812-C40E-E513-68F20731C88E}.Release|Any CPU.ActiveCfg = Release|Any CPU
		{3DF066D7-3812-C40E-E513-68F20731C88E}.Release|Any CPU.Build.0 = Release|Any CPU
	EndGlobalSection
	GlobalSection(SolutionProperties) = preSolution
		HideSolutionNode = FALSE
	EndGlobalSection
												GlobalSection(MonoDevelopProperties) = preSolution
		StartupItem = Assembly-CSharp.csproj
		Policies = $0
		$0.TextStylePolicy = $1
		$1.inheritsSet = null
		$1.scope = text/x-csharp
		$0.CSharpFormattingPolicy = $2
		$2.inheritsSet = Mono
		$2.inheritsScope = text/x-csharp
		$2.scope = text/x-csharp
		$0.TextStylePolicy = $3
		$3.FileWidth = 120
		$3.TabWidth = 4
		$3.EolMarker = Unix
		$3.inheritsSet = Mono
		$3.inheritsScope = text/plain
		$3.scope = text/plain
	EndGlobalSection

EndGlobal
